
Microsoft Visual Studio Solution File, Format Version 12.00
# Visual Studio Version 16
VisualStudioVersion = 16.0.30114.105
MinimumVisualStudioVersion = 10.0.40219.1
Project("{2150E333-8FDC-42A3-9474-1A3956D46DE8}") = "Solution Items", "Solution Items", "{66317294-CE9E-4572-9650-62B32F20D017}"
	ProjectSection(SolutionItems) = preProject
		README.md = README.md
	EndProjectSection
EndProject
Project("{FAE04EC0-301F-11D3-BF4B-00C04F79EFBC}") = "MsSqlDbLib", "MsSqlDbLib\MsSqlDbLib.csproj", "{63155AA7-A3C3-4DF9-8A12-BE66D5EBC386}"
EndProject
Global
	GlobalSection(SolutionConfigurationPlatforms) = preSolution
		Debug|Any CPU = Debug|Any CPU
		Release|Any CPU = Release|Any CPU
	EndGlobalSection
	GlobalSection(ProjectConfigurationPlatforms) = postSolution
		{63155AA7-A3C3-4DF9-8A12-BE66D5EBC386}.Debug|Any CPU.ActiveCfg = Debug|Any CPU
		{63155AA7-A3C3-4DF9-8A12-BE66D5EBC386}.Debug|Any CPU.Build.0 = Debug|Any CPU
		{63155AA7-A3C3-4DF9-8A12-BE66D5EBC386}.Release|Any CPU.ActiveCfg = Release|Any CPU
		{63155AA7-A3C3-4DF9-8A12-BE66D5EBC386}.Release|Any CPU.Build.0 = Release|Any CPU
	EndGlobalSection
	GlobalSection(SolutionProperties) = preSolution
		HideSolutionNode = FALSE
	EndGlobalSection
	GlobalSection(ExtensibilityGlobals) = postSolution
		SolutionGuid = {C62344F8-722A-4A78-B271-EE59AEFFB63F}
	EndGlobalSection
EndGlobal
